
Microsoft Visual Studio Solution File, Format Version 12.00
# Visual Studio 2013
VisualStudioVersion = 12.0.21005.1
MinimumVisualStudioVersion = 10.0.40219.1
Project("{8BC9CEB8-8B4A-11D0-8D11-00A0C91BC942}") = "Target", "Target\Target.vcxproj", "{BB4C966C-6DEA-4877-81B4-BD6AB20DFDE0}"
EndProject
Project("{8BC9CEB8-8B4A-11D0-8D11-00A0C91BC942}") = "BeepHook", "BeepHook\BeepHook.vcxproj", "{A8BAA208-D883-4983-A580-A032B373E8FB}"
EndProject
Project("{8BC9CEB8-8B4A-11D0-8D11-00A0C91BC942}") = "Injector", "Injector\Injector.vcxproj", "{B62DC3B7-C9D9-4D73-94AB-2C64ABBF5D71}"
EndProject
Global
	GlobalSection(SolutionConfigurationPlatforms) = preSolution
		Debug|Win32 = Debug|Win32
		Release|Win32 = Release|Win32
	EndGlobalSection
	GlobalSection(ProjectConfigurationPlatforms) = postSolution
		{BB4C966C-6DEA-4877-81B4-BD6AB20DFDE0}.Debug|Win32.ActiveCfg = Debug|Win32
		{BB4C966C-6DEA-4877-81B4-BD6AB20DFDE0}.Debug|Win32.Build.0 = Debug|Win32
		{BB4C966C-6DEA-4877-81B4-BD6AB20DFDE0}.Release|Win32.ActiveCfg = Release|Win32
		{BB4C966C-6DEA-4877-81B4-BD6AB20DFDE0}.Release|Win32.Build.0 = Release|Win32
		{A8BAA208-D883-4983-A580-A032B373E8FB}.Debug|Win32.ActiveCfg = Debug|Win32
		{A8BAA208-D883-4983-A580-A032B373E8FB}.Debug|Win32.Build.0 = Debug|Win32
		{A8BAA208-D883-4983-A580-A032B373E8FB}.Release|Win32.ActiveCfg = Release|Win32
		{A8BAA208-D883-4983-A580-A032B373E8FB}.Release|Win32.Build.0 = Release|Win32
		{B62DC3B7-C9D9-4D73-94AB-2C64ABBF5D71}.Debug|Win32.ActiveCfg = Debug|Win32
		{B62DC3B7-C9D9-4D73-94AB-2C64ABBF5D71}.Debug|Win32.Build.0 = Debug|Win32
		{B62DC3B7-C9D9-4D73-94AB-2C64ABBF5D71}.Release|Win32.ActiveCfg = Release|Win32
		{B62DC3B7-C9D9-4D73-94AB-2C64ABBF5D71}.Release|Win32.Build.0 = Release|Win32
	EndGlobalSection
	GlobalSection(SolutionProperties) = preSolution
		HideSolutionNode = FALSE
	EndGlobalSection
EndGlobal
